// !$*UTF8*$!
{
	archiveVersion = 1;
	classes = {
	};
	objectVersion = 46;
	objects = {

/* Begin PBXBuildFile section */
		9CD889821B732AD900988CA8 /* main.m in Sources */ = {isa = PBXBuildFile; fileRef = 9CD889811B732AD900988CA8 /* main.m */; };
		9CD889851B732AD900988CA8 /* AppDelegate.m in Sources */ = {isa = PBXBuildFile; fileRef = 9CD889841B732AD900988CA8 /* AppDelegate.m */; };
		9CD889881B732AD900988CA8 /* ViewController.m in Sources */ = {isa = PBXBuildFile; fileRef = 9CD889871B732AD900988CA8 /* ViewController.m */; };
		9CD8898B1B732AD900988CA8 /* Main.storyboard in Resources */ = {isa = PBXBuildFile; fileRef = 9CD889891B732AD900988CA8 /* Main.storyboard */; };
		9CD8898D1B732AD900988CA8 /* Images.xcassets in Resources */ = {isa = PBXBuildFile; fileRef = 9CD8898C1B732AD900988CA8 /* Images.xcassets */; };
		9CD889901B732AD900988CA8 /* LaunchScreen.xib in Resources */ = {isa = PBXBuildFile; fileRef = 9CD8898E1B732AD900988CA8 /* LaunchScreen.xib */; };
		9CD8899C1B732AD900988CA8 /* WJCommboxDemoTests.m in Sources */ = {isa = PBXBuildFile; fileRef = 9CD8899B1B732AD900988CA8 /* WJCommboxDemoTests.m */; };
		9CD889AC1B732B9A00988CA8 /* WJCommboxView.m in Sources */ = {isa = PBXBuildFile; fileRef = 9CD889AB1B732B9A00988CA8 /* WJCommboxView.m */; };
		9CD889AE1B73314600988CA8 /* narrow@2x.png in Resources */ = {isa = PBXBuildFile; fileRef = 9CD889AD1B73314600988CA8 /* narrow@2x.png */; };
		9CD889B21B73315F00988CA8 /* narrow@3x.png in Resources */ = {isa = PBXBuildFile; fileRef = 9CD889B11B73315F00988CA8 /* narrow@3x.png */; };
		9CD889B41B7338BE00988CA8 /* wjbox.gif in Resources */ = {isa = PBXBuildFile; fileRef = 9CD889B31B7338BE00988CA8 /* wjbox.gif */; };
/* End PBXBuildFile section */

/* Begin PBXContainerItemProxy section */
		9CD889961B732AD900988CA8 /* PBXContainerItemProxy */ = {
			isa = PBXContainerItemProxy;
			containerPortal = 9CD889741B732AD900988CA8 /* Project object */;
			proxyType = 1;
			remoteGlobalIDString = 9CD8897B1B732AD900988CA8;
			remoteInfo = WJCommboxDemo;
		};
/* End PBXContainerItemProxy section */

/* Begin PBXFileReference section */
		9CD8897C1B732AD900988CA8 /* WJCommboxDemo.app */ = {isa = PBXFileReference; explicitFileType = wrapper.application; includeInIndex = 0; path = WJCommboxDemo.app; sourceTree = BUILT_PRODUCTS_DIR; };
		9CD889801B732AD900988CA8 /* Info.plist */ = {isa = PBXFileReference; lastKnownFileType = text.plist.xml; path = Info.plist; sourceTree = "<group>"; };
		9CD889811B732AD900988CA8 /* main.m */ = {isa = PBXFileReference; lastKnownFileType = sourcecode.c.objc; path = main.m; sourceTree = "<group>"; };
		9CD889831B732AD900988CA8 /* AppDelegate.h */ = {isa = PBXFileReference; lastKnownFileType = sourcecode.c.h; path = AppDelegate.h; sourceTree = "<group>"; };
		9CD889841B732AD900988CA8 /* AppDelegate.m */ = {isa = PBXFileReference; lastKnownFileType = sourcecode.c.objc; path = AppDelegate.m; sourceTree = "<group>"; };
		9CD889861B732AD900988CA8 /* ViewController.h */ = {isa = PBXFileReference; lastKnownFileType = sourcecode.c.h; path = ViewController.h; sourceTree = "<group>"; };
		9CD889871B732AD900988CA8 /* ViewController.m */ = {isa = PBXFileReference; lastKnownFileType = sourcecode.c.objc; path = ViewController.m; sourceTree = "<group>"; };
		9CD8898A1B732AD900988CA8 /* Base */ = {isa = PBXFileReference; lastKnownFileType = file.storyboard; name = Base; path = Base.lproj/Main.storyboard; sourceTree = "<group>"; };
		9CD8898C1B732AD900988CA8 /* Images.xcassets */ = {isa = PBXFileReference; lastKnownFileType = folder.assetcatalog; path = Images.xcassets; sourceTree = "<group>"; };
		9CD8898F1B732AD900988CA8 /* Base */ = {isa = PBXFileReference; lastKnownFileType = file.xib; name = Base; path = Base.lproj/LaunchScreen.xib; sourceTree = "<group>"; };
		9CD889951B732AD900988CA8 /* WJCommboxDemoTests.xctest */ = {isa = PBXFileReference; explicitFileType = wrapper.cfbundle; includeInIndex = 0; path = WJCommboxDemoTests.xctest; sourceTree = BUILT_PRODUCTS_DIR; };
		9CD8899A1B732AD900988CA8 /* Info.plist */ = {isa = PBXFileReference; lastKnownFileType = text.plist.xml; path = Info.plist; sourceTree = "<group>"; };
		9CD8899B1B732AD900988CA8 /* WJCommboxDemoTests.m */ = {isa = PBXFileReference; lastKnownFileType = sourcecode.c.objc; path = WJCommboxDemoTests.m; sourceTree = "<group>"; };
		9CD889AA1B732B9A00988CA8 /* WJCommboxView.h */ = {isa = PBXFileReference; fileEncoding = 4; lastKnownFileType = sourcecode.c.h; path = WJCommboxView.h; sourceTree = "<group>"; };
		9CD889AB1B732B9A00988CA8 /* WJCommboxView.m */ = {isa = PBXFileReference; fileEncoding = 4; lastKnownFileType = sourcecode.c.objc; path = WJCommboxView.m; sourceTree = "<group>"; };
		9CD889AD1B73314600988CA8 /* narrow@2x.png */ = {isa = PBXFileReference; lastKnownFileType = image.png; path = "narrow@2x.png"; sourceTree = "<group>"; };
		9CD889B11B73315F00988CA8 /* narrow@3x.png */ = {isa = PBXFileReference; lastKnownFileType = image.png; path = "narrow@3x.png"; sourceTree = "<group>"; };
		9CD889B31B7338BE00988CA8 /* wjbox.gif */ = {isa = PBXFileReference; lastKnownFileType = image.gif; path = wjbox.gif; sourceTree = "<group>"; };
/* End PBXFileReference section */

/* Begin PBXFrameworksBuildPhase section */
		9CD889791B732AD900988CA8 /* Frameworks */ = {
			isa = PBXFrameworksBuildPhase;
			buildActionMask = 2147483647;
			files = (
			);
			runOnlyForDeploymentPostprocessing = 0;
		};
		9CD889921B732AD900988CA8 /* Frameworks */ = {
			isa = PBXFrameworksBuildPhase;
			buildActionMask = 2147483647;
			files = (
			);
			runOnlyForDeploymentPostprocessing = 0;
		};
/* End PBXFrameworksBuildPhase section */

/* Begin PBXGroup section */
		9CD889731B732AD900988CA8 = {
			isa = PBXGroup;
			children = (
				9CD8897E1B732AD900988CA8 /* WJCommboxDemo */,
				9CD889981B732AD900988CA8 /* WJCommboxDemoTests */,
				9CD8897D1B732AD900988CA8 /* Products */,
			);
			sourceTree = "<group>";
		};
		9CD8897D1B732AD900988CA8 /* Products */ = {
			isa = PBXGroup;
			children = (
				9CD8897C1B732AD900988CA8 /* WJCommboxDemo.app */,
				9CD889951B732AD900988CA8 /* WJCommboxDemoTests.xctest */,
			);
			name = Products;
			sourceTree = "<group>";
		};
		9CD8897E1B732AD900988CA8 /* WJCommboxDemo */ = {
			isa = PBXGroup;
			children = (
				9CD889B31B7338BE00988CA8 /* wjbox.gif */,
				9CD889A91B732B9A00988CA8 /* WJCommboxView */,
				9CD889831B732AD900988CA8 /* AppDelegate.h */,
				9CD889841B732AD900988CA8 /* AppDelegate.m */,
				9CD889861B732AD900988CA8 /* ViewController.h */,
				9CD889871B732AD900988CA8 /* ViewController.m */,
				9CD889891B732AD900988CA8 /* Main.storyboard */,
				9CD8898C1B732AD900988CA8 /* Images.xcassets */,
				9CD889B11B73315F00988CA8 /* narrow@3x.png */,
				9CD889AD1B73314600988CA8 /* narrow@2x.png */,
				9CD8898E1B732AD900988CA8 /* LaunchScreen.xib */,
				9CD8897F1B732AD900988CA8 /* Supporting Files */,
			);
			path = WJCommboxDemo;
			sourceTree = "<group>";
		};
		9CD8897F1B732AD900988CA8 /* Supporting Files */ = {
			isa = PBXGroup;
			children = (
				9CD889801B732AD900988CA8 /* Info.plist */,
				9CD889811B732AD900988CA8 /* main.m */,
			);
			name = "Supporting Files";
			sourceTree = "<group>";
		};
		9CD889981B732AD900988CA8 /* WJCommboxDemoTests */ = {
			isa = PBXGroup;
			children = (
				9CD8899B1B732AD900988CA8 /* WJCommboxDemoTests.m */,
				9CD889991B732AD900988CA8 /* Supporting Files */,
			);
			path = WJCommboxDemoTests;
			sourceTree = "<group>";
		};
		9CD889991B732AD900988CA8 /* Supporting Files */ = {
			isa = PBXGroup;
			children = (
				9CD8899A1B732AD900988CA8 /* Info.plist */,
			);
			name = "Supporting Files";
			sourceTree = "<group>";
		};
		9CD889A91B732B9A00988CA8 /* WJCommboxView */ = {
			isa = PBXGroup;
			children = (
				9CD889AA1B732B9A00988CA8 /* WJCommboxView.h */,
				9CD889AB1B732B9A00988CA8 /* WJCommboxView.m */,
			);
			path = WJCommboxView;
			sourceTree = "<group>";
		};
/* End PBXGroup section */

/* Begin PBXNativeTarget section */
		9CD8897B1B732AD900988CA8 /* WJCommboxDemo */ = {
			isa = PBXNativeTarget;
			buildConfigurationList = 9CD8899F1B732AD900988CA8 /* Build configuration list for PBXNativeTarget "WJCommboxDemo" */;
			buildPhases = (
				9CD889781B732AD900988CA8 /* Sources */,
				9CD889791B732AD900988CA8 /* Frameworks */,
				9CD8897A1B732AD900988CA8 /* Resources */,
			);
			buildRules = (
			);
			dependencies = (
			);
			name = WJCommboxDemo;
			productName = WJCommboxDemo;
			productReference = 9CD8897C1B732AD900988CA8 /* WJCommboxDemo.app */;
			productType = "com.apple.product-type.application";
		};
		9CD889941B732AD900988CA8 /* WJCommboxDemoTests */ = {
			isa = PBXNativeTarget;
			buildConfigurationList = 9CD889A21B732AD900988CA8 /* Build configuration list for PBXNativeTarget "WJCommboxDemoTests" */;
			buildPhases = (
				9CD889911B732AD900988CA8 /* Sources */,
				9CD889921B732AD900988CA8 /* Frameworks */,
				9CD889931B732AD900988CA8 /* Resources */,
			);
			buildRules = (
			);
			dependencies = (
				9CD889971B732AD900988CA8 /* PBXTargetDependency */,
			);
			name = WJCommboxDemoTests;
			productName = WJCommboxDemoTests;
			productReference = 9CD889951B732AD900988CA8 /* WJCommboxDemoTests.xctest */;
			productType = "com.apple.product-type.bundle.unit-test";
		};
/* End PBXNativeTarget section */

/* Begin PBXProject section */
		9CD889741B732AD900988CA8 /* Project object */ = {
			isa = PBXProject;
			attributes = {
				LastUpgradeCheck = 0640;
				ORGANIZATIONNAME = WJ;
				TargetAttributes = {
					9CD8897B1B732AD900988CA8 = {
						CreatedOnToolsVersion = 6.4;
					};
					9CD889941B732AD900988CA8 = {
						CreatedOnToolsVersion = 6.4;
						TestTargetID = 9CD8897B1B732AD900988CA8;
					};
				};
			};
			buildConfigurationList = 9CD889771B732AD900988CA8 /* Build configuration list for PBXProject "WJCommboxDemo" */;
			compatibilityVersion = "Xcode 3.2";
			developmentRegion = English;
			hasScannedForEncodings = 0;
			knownRegions = (
				en,
				Base,
			);
			mainGroup = 9CD889731B732AD900988CA8;
			productRefGroup = 9CD8897D1B732AD900988CA8 /* Products */;
			projectDirPath = "";
			projectRoot = "";
			targets = (
				9CD8897B1B732AD900988CA8 /* WJCommboxDemo */,
				9CD889941B732AD900988CA8 /* WJCommboxDemoTests */,
			);
		};
/* End PBXProject section */

/* Begin PBXResourcesBuildPhase section */
		9CD8897A1B732AD900988CA8 /* Resources */ = {
			isa = PBXResourcesBuildPhase;
			buildActionMask = 2147483647;
			files = (
				9CD8898B1B732AD900988CA8 /* Main.storyboard in Resources */,
				9CD889B41B7338BE00988CA8 /* wjbox.gif in Resources */,
				9CD889901B732AD900988CA8 /* LaunchScreen.xib in Resources */,
				9CD889B21B73315F00988CA8 /* narrow@3x.png in Resources */,
				9CD8898D1B732AD900988CA8 /* Images.xcassets in Resources */,
				9CD889AE1B73314600988CA8 /* narrow@2x.png in Resources */,
			);
			runOnlyForDeploymentPostprocessing = 0;
		};
		9CD889931B732AD900988CA8 /* Resources */ = {
			isa = PBXResourcesBuildPhase;
			buildActionMask = 2147483647;
			files = (
			);
			runOnlyForDeploymentPostprocessing = 0;
		};
/* End PBXResourcesBuildPhase section */

/* Begin PBXSourcesBuildPhase section */
		9CD889781B732AD900988CA8 /* Sources */ = {
			isa = PBXSourcesBuildPhase;
			buildActionMask = 2147483647;
			files = (
				9CD889881B732AD900988CA8 /* ViewController.m in Sources */,
				9CD889851B732AD900988CA8 /* AppDelegate.m in Sources */,
				9CD889821B732AD900988CA8 /* main.m in Sources */,
				9CD889AC1B732B9A00988CA8 /* WJCommboxView.m in Sources */,
			);
			runOnlyForDeploymentPostprocessing = 0;
		};
		9CD889911B732AD900988CA8 /* Sources */ = {
			isa = PBXSourcesBuildPhase;
			buildActionMask = 2147483647;
			files = (
				9CD8899C1B732AD900988CA8 /* WJCommboxDemoTests.m in Sources */,
			);
			runOnlyForDeploymentPostprocessing = 0;
		};
/* End PBXSourcesBuildPhase section */

/* Begin PBXTargetDependency section */
		9CD889971B732AD900988CA8 /* PBXTargetDependency */ = {
			isa = PBXTargetDependency;
			target = 9CD8897B1B732AD900988CA8 /* WJCommboxDemo */;
			targetProxy = 9CD889961B732AD900988CA8 /* PBXContainerItemProxy */;
		};
/* End PBXTargetDependency section */

/* Begin PBXVariantGroup section */
		9CD889891B732AD900988CA8 /* Main.storyboard */ = {
			isa = PBXVariantGroup;
			children = (
				9CD8898A1B732AD900988CA8 /* Base */,
			);
			name = Main.storyboard;
			sourceTree = "<group>";
		};
		9CD8898E1B732AD900988CA8 /* LaunchScreen.xib */ = {
			isa = PBXVariantGroup;
			children = (
				9CD8898F1B732AD900988CA8 /* Base */,
			);
			name = LaunchScreen.xib;
			sourceTree = "<group>";
		};
/* End PBXVariantGroup section */

/* Begin XCBuildConfiguration section */
		9CD8899D1B732AD900988CA8 /* Debug */ = {
			isa = XCBuildConfiguration;
			buildSettings = {
				ALWAYS_SEARCH_USER_PATHS = NO;
				CLANG_CXX_LANGUAGE_STANDARD = "gnu++0x";
				CLANG_CXX_LIBRARY = "libc++";
				CLANG_ENABLE_MODULES = YES;
				CLANG_ENABLE_OBJC_ARC = YES;
				CLANG_WARN_BOOL_CONVERSION = YES;
				CLANG_WARN_CONSTANT_CONVERSION = YES;
				CLANG_WARN_DIRECT_OBJC_ISA_USAGE = YES_ERROR;
				CLANG_WARN_EMPTY_BODY = YES;
				CLANG_WARN_ENUM_CONVERSION = YES;
				CLANG_WARN_INT_CONVERSION = YES;
				CLANG_WARN_OBJC_ROOT_CLASS = YES_ERROR;
				CLANG_WARN_UNREACHABLE_CODE = YES;
				CLANG_WARN__DUPLICATE_METHOD_MATCH = YES;
				"CODE_SIGN_IDENTITY[sdk=iphoneos*]" = "iPhone Developer";
				COPY_PHASE_STRIP = NO;
				DEBUG_INFORMATION_FORMAT = "dwarf-with-dsym";
				ENABLE_STRICT_OBJC_MSGSEND = YES;
				GCC_C_LANGUAGE_STANDARD = gnu99;
				GCC_DYNAMIC_NO_PIC = NO;
				GCC_NO_COMMON_BLOCKS = YES;
				GCC_OPTIMIZATION_LEVEL = 0;
				GCC_PREPROCESSOR_DEFINITIONS = (
					"DEBUG=1",
					"$(inherited)",
				);
				GCC_SYMBOLS_PRIVATE_EXTERN = NO;
				GCC_WARN_64_TO_32_BIT_CONVERSION = YES;
				GCC_WARN_ABOUT_RETURN_TYPE = YES_ERROR;
				GCC_WARN_UNDECLARED_SELECTOR = YES;
				GCC_WARN_UNINITIALIZED_AUTOS = YES_AGGRESSIVE;
				GCC_WARN_UNUSED_FUNCTION = YES;
				GCC_WARN_UNUSED_VARIABLE = YES;
				IPHONEOS_DEPLOYMENT_TARGET = 8.4;
				MTL_ENABLE_DEBUG_INFO = YES;
				ONLY_ACTIVE_ARCH = YES;
				SDKROOT = iphoneos;
			};
			name = Debug;
		};
		9CD8899E1B732AD900988CA8 /* Release */ = {
			isa = XCBuildConfiguration;
			buildSettings = {
				ALWAYS_SEARCH_USER_PATHS = NO;
				CLANG_CXX_LANGUAGE_STANDARD = "gnu++0x";
				CLANG_CXX_LIBRARY = "libc++";
				CLANG_ENABLE_MODULES = YES;
				CLANG_ENABLE_OBJC_ARC = YES;
				CLANG_WARN_BOOL_CONVERSION = YES;
				CLANG_WARN_CONSTANT_CONVERSION = YES;
				CLANG_WARN_DIRECT_OBJC_ISA_USAGE = YES_ERROR;
				CLANG_WARN_EMPTY_BODY = YES;
				CLANG_WARN_ENUM_CONVERSION = YES;
				CLANG_WARN_INT_CONVERSION = YES;
				CLANG_WARN_OBJC_ROOT_CLASS = YES_ERROR;
				CLANG_WARN_UNREACHABLE_CODE = YES;
				CLANG_WARN__DUPLICATE_METHOD_MATCH = YES;
				"CODE_SIGN_IDENTITY[sdk=iphoneos*]" = "iPhone Developer";
				COPY_PHASE_STRIP = NO;
				DEBUG_INFORMATION_FORMAT = "dwarf-with-dsym";
				ENABLE_NS_ASSERTIONS = NO;
				ENABLE_STRICT_OBJC_MSGSEND = YES;
				GCC_C_LANGUAGE_STANDARD = gnu99;
				GCC_NO_COMMON_BLOCKS = YES;
				GCC_WARN_64_TO_32_BIT_CONVERSION = YES;
				GCC_WARN_ABOUT_RETURN_TYPE = YES_ERROR;
				GCC_WARN_UNDECLARED_SELECTOR = YES;
				GCC_WARN_UNINITIALIZED_AUTOS = YES_AGGRESSIVE;
				GCC_WARN_UNUSED_FUNCTION = YES;
				GCC_WARN_UNUSED_VARIABLE = YES;
				IPHONEOS_DEPLOYMENT_TARGET = 8.4;
				MTL_ENABLE_DEBUG_INFO = NO;
				SDKROOT = iphoneos;
				VALIDATE_PRODUCT = YES;
			};
			name = Release;
		};
		9CD889A01B732AD900988CA8 /* Debug */ = {
			isa = XCBuildConfiguration;
			buildSettings = {
				ASSETCATALOG_COMPILER_APPICON_NAME = AppIcon;
				INFOPLIST_FILE = WJCommboxDemo/Info.plist;
				LD_RUNPATH_SEARCH_PATHS = "$(inherited) @executable_path/Frameworks";
				PRODUCT_NAME = "$(TARGET_NAME)";
			};
			name = Debug;
		};
		9CD889A11B732AD900988CA8 /* Release */ = {
			isa = XCBuildConfiguration;
			buildSettings = {
				ASSETCATALOG_COMPILER_APPICON_NAME = AppIcon;
				INFOPLIST_FILE = WJCommboxDemo/Info.plist;
				LD_RUNPATH_SEARCH_PATHS = "$(inherited) @executable_path/Frameworks";
				PRODUCT_NAME = "$(TARGET_NAME)";
			};
			name = Release;
		};
		9CD889A31B732AD900988CA8 /* Debug */ = {
			isa = XCBuildConfiguration;
			buildSettings = {
				BUNDLE_LOADER = "$(TEST_HOST)";
				FRAMEWORK_SEARCH_PATHS = (
					"$(SDKROOT)/Developer/Library/Frameworks",
					"$(inherited)",
				);
				GCC_PREPROCESSOR_DEFINITIONS = (
					"DEBUG=1",
					"$(inherited)",
				);
				INFOPLIST_FILE = WJCommboxDemoTests/Info.plist;
				LD_RUNPATH_SEARCH_PATHS = "$(inherited) @executable_path/Frameworks @loader_path/Frameworks";
				PRODUCT_NAME = "$(TARGET_NAME)";
				TEST_HOST = "$(BUILT_PRODUCTS_DIR)/WJCommboxDemo.app/WJCommboxDemo";
			};
			name = Debug;
		};
		9CD889A41B732AD900988CA8 /* Release */ = {
			isa = XCBuildConfiguration;
			buildSettings = {
				BUNDLE_LOADER = "$(TEST_HOST)";
				FRAMEWORK_SEARCH_PATHS = (
					"$(SDKROOT)/Developer/Library/Frameworks",
					"$(inherited)",
				);
				INFOPLIST_FILE = WJCommboxDemoTests/Info.plist;
				LD_RUNPATH_SEARCH_PATHS = "$(inherited) @executable_path/Frameworks @loader_path/Frameworks";
				PRODUCT_NAME = "$(TARGET_NAME)";
				TEST_HOST = "$(BUILT_PRODUCTS_DIR)/WJCommboxDemo.app/WJCommboxDemo";
			};
			name = Release;
		};
/* End XCBuildConfiguration section */

/* Begin XCConfigurationList section */
		9CD889771B732AD900988CA8 /* Build configuration list for PBXProject "WJCommboxDemo" */ = {
			isa = XCConfigurationList;
			buildConfigurations = (
				9CD8899D1B732AD900988CA8 /* Debug */,
				9CD8899E1B732AD900988CA8 /* Release */,
			);
			defaultConfigurationIsVisible = 0;
			defaultConfigurationName = Release;
		};
		9CD8899F1B732AD900988CA8 /* Build configuration list for PBXNativeTarget "WJCommboxDemo" */ = {
			isa = XCConfigurationList;
			buildConfigurations = (
				9CD889A01B732AD900988CA8 /* Debug */,
				9CD889A11B732AD900988CA8 /* Release */,
			);
			defaultConfigurationIsVisible = 0;
			defaultConfigurationName = Release;
		};
		9CD889A21B732AD900988CA8 /* Build configuration list for PBXNativeTarget "WJCommboxDemoTests" */ = {
			isa = XCConfigurationList;
			buildConfigurations = (
				9CD889A31B732AD900988CA8 /* Debug */,
				9CD889A41B732AD900988CA8 /* Release */,
			);
			defaultConfigurationIsVisible = 0;
			defaultConfigurationName = Release;
		};
/* End XCConfigurationList section */
	};
	rootObject = 9CD889741B732AD900988CA8 /* Project object */;
}
